
Microsoft Visual Studio Solution File, Format Version 12.00
# Visual Studio 15
VisualStudioVersion = 15.0.28307.438
MinimumVisualStudioVersion = 10.0.40219.1
Project("{FAE04EC0-301F-11D3-BF4B-00C04F79EFBC}") = "UsersServer", "UsersServer.csproj", "{1F5D02F0-418A-4742-8D00-30427706C6BF}"
EndProject
Project("{FAE04EC0-301F-11D3-BF4B-00C04F79EFBC}") = "Web-Api", "Web-Api\Web-Api.csproj", "{77C8BE20-A4C5-4DB9-B42D-45422DC94319}"
EndProject
Project("{E24C65DC-7377-472B-9ABA-BC803B73C61A}") = "Client", "Client\", "{1C39C3C4-7FBA-45F4-920D-C0F3D5BDA744}"
	ProjectSection(WebsiteProperties) = preProject
		TargetFrameworkMoniker = ".NETFramework,Version%3Dv4.0"
		Debug.AspNetCompiler.VirtualPath = "/localhost_53273"
		Debug.AspNetCompiler.PhysicalPath = "Client\"
		Debug.AspNetCompiler.TargetPath = "PrecompiledWeb\localhost_53273\"
		Debug.AspNetCompiler.Updateable = "true"
		Debug.AspNetCompiler.ForceOverwrite = "true"
		Debug.AspNetCompiler.FixedNames = "false"
		Debug.AspNetCompiler.Debug = "True"
		Release.AspNetCompiler.VirtualPath = "/localhost_53273"
		Release.AspNetCompiler.PhysicalPath = "Client\"
		Release.AspNetCompiler.TargetPath = "PrecompiledWeb\localhost_53273\"
		Release.AspNetCompiler.Updateable = "true"
		Release.AspNetCompiler.ForceOverwrite = "true"
		Release.AspNetCompiler.FixedNames = "false"
		Release.AspNetCompiler.Debug = "False"
		VWDPort = "53273"
		SlnRelativePath = "Client\"
	EndProjectSection
EndProject
Global
	GlobalSection(SolutionConfigurationPlatforms) = preSolution
		Debug|Any CPU = Debug|Any CPU
		Release|Any CPU = Release|Any CPU
	EndGlobalSection
	GlobalSection(ProjectConfigurationPlatforms) = postSolution
		{1F5D02F0-418A-4742-8D00-30427706C6BF}.Debug|Any CPU.ActiveCfg = Debug|Any CPU
		{1F5D02F0-418A-4742-8D00-30427706C6BF}.Debug|Any CPU.Build.0 = Debug|Any CPU
		{1F5D02F0-418A-4742-8D00-30427706C6BF}.Release|Any CPU.ActiveCfg = Release|Any CPU
		{1F5D02F0-418A-4742-8D00-30427706C6BF}.Release|Any CPU.Build.0 = Release|Any CPU
		{77C8BE20-A4C5-4DB9-B42D-45422DC94319}.Debug|Any CPU.ActiveCfg = Debug|Any CPU
		{77C8BE20-A4C5-4DB9-B42D-45422DC94319}.Debug|Any CPU.Build.0 = Debug|Any CPU
		{77C8BE20-A4C5-4DB9-B42D-45422DC94319}.Release|Any CPU.ActiveCfg = Release|Any CPU
		{77C8BE20-A4C5-4DB9-B42D-45422DC94319}.Release|Any CPU.Build.0 = Release|Any CPU
		{1C39C3C4-7FBA-45F4-920D-C0F3D5BDA744}.Debug|Any CPU.ActiveCfg = Debug|Any CPU
		{1C39C3C4-7FBA-45F4-920D-C0F3D5BDA744}.Debug|Any CPU.Build.0 = Debug|Any CPU
		{1C39C3C4-7FBA-45F4-920D-C0F3D5BDA744}.Release|Any CPU.ActiveCfg = Debug|Any CPU
		{1C39C3C4-7FBA-45F4-920D-C0F3D5BDA744}.Release|Any CPU.Build.0 = Debug|Any CPU
	EndGlobalSection
	GlobalSection(SolutionProperties) = preSolution
		HideSolutionNode = FALSE
	EndGlobalSection
	GlobalSection(ExtensibilityGlobals) = postSolution
		SolutionGuid = {052C1B1C-340F-4039-B16C-736DC3E72394}
	EndGlobalSection
EndGlobal
